
Microsoft Visual Studio Solution File, Format Version 12.00
# Visual Studio Version 16
VisualStudioVersion = 16.0.30011.22
MinimumVisualStudioVersion = 10.0.40219.1
Project("{FAE04EC0-301F-11D3-BF4B-00C04F79EFBC}") = "HashingForKids", "HashingForKids.csproj", "{D411E66F-A9B5-46B9-9463-33686EBB521D}"
EndProject
Global
	GlobalSection(SolutionConfigurationPlatforms) = preSolution
		Debug|Any CPU = Debug|Any CPU
		Release|Any CPU = Release|Any CPU
	EndGlobalSection
	GlobalSection(ProjectConfigurationPlatforms) = postSolution
		{D411E66F-A9B5-46B9-9463-33686EBB521D}.Debug|Any CPU.ActiveCfg = Debug|Any CPU
		{D411E66F-A9B5-46B9-9463-33686EBB521D}.Debug|Any CPU.Build.0 = Debug|Any CPU
		{D411E66F-A9B5-46B9-9463-33686EBB521D}.Release|Any CPU.ActiveCfg = Release|Any CPU
		{D411E66F-A9B5-46B9-9463-33686EBB521D}.Release|Any CPU.Build.0 = Release|Any CPU
	EndGlobalSection
	GlobalSection(SolutionProperties) = preSolution
		HideSolutionNode = FALSE
	EndGlobalSection
	GlobalSection(ExtensibilityGlobals) = postSolution
		SolutionGuid = {DFA6E5D4-4074-43E6-A95B-CE24A82C7160}
	EndGlobalSection
EndGlobal
